{
  "name": "Skill_Lab-sem-5-main",
  "lockfileVersion": 3,
  "requires": true,
  "packages": {
    "": {
      "dependencies": {
        "facebook-node-sdk": "^0.2.0"
      }
    },
    "node_modules/facebook-node-sdk": {
      "version": "0.2.0",
      "resolved": "https://registry.npmjs.org/facebook-node-sdk/-/facebook-node-sdk-0.2.0.tgz",
      "integrity": "sha512-ffq9v5+gWLr/5PZ83COdBayRzdWCUJXBPmzBtnSGZrdXYzvOSSlRnxybSNmD8gqqVN4EnVyFyWvHtk4oBLnYaQ==",
      "engines": {
        "node": "*"
      }
    }
  }
}
